{
  "name": "eight-bit",
  "version": "1.0.0",
  "lockfileVersion": 3,
  "requires": true,
  "packages": {
    "": {
      "name": "eight-bit",
      "version": "1.0.0",
      "license": "MIT",
      "bin": {
        "eight-bit": "bin/8bit.js"
      },
      "engines": {
        "node": ">=22.6"
      }
    }
  }
}
